
Microsoft Visual Studio Solution File, Format Version 12.00
# Visual Studio Version 16
VisualStudioVersion = 16.0.31205.134
MinimumVisualStudioVersion = 10.0.40219.1
Project("{FAE04EC0-301F-11D3-BF4B-00C04F79EFBC}") = "MvcKutuphane", "MvcKutuphane\MvcKutuphane.csproj", "{B60195A9-0A1A-45A4-85C5-ED400A1D09CB}"
EndProject
Global
	GlobalSection(SolutionConfigurationPlatforms) = preSolution
		Debug|Any CPU = Debug|Any CPU
		Release|Any CPU = Release|Any CPU
	EndGlobalSection
	GlobalSection(ProjectConfigurationPlatforms) = postSolution
		{B60195A9-0A1A-45A4-85C5-ED400A1D09CB}.Debug|Any CPU.ActiveCfg = Debug|Any CPU
		{B60195A9-0A1A-45A4-85C5-ED400A1D09CB}.Debug|Any CPU.Build.0 = Debug|Any CPU
		{B60195A9-0A1A-45A4-85C5-ED400A1D09CB}.Release|Any CPU.ActiveCfg = Release|Any CPU
		{B60195A9-0A1A-45A4-85C5-ED400A1D09CB}.Release|Any CPU.Build.0 = Release|Any CPU
	EndGlobalSection
	GlobalSection(SolutionProperties) = preSolution
		HideSolutionNode = FALSE
	EndGlobalSection
	GlobalSection(ExtensibilityGlobals) = postSolution
		SolutionGuid = {60521A25-A57A-4884-B076-3977688A8865}
	EndGlobalSection
EndGlobal
